
Microsoft Visual Studio Solution File, Format Version 12.00
# Visual Studio Version 17
VisualStudioVersion = 17.6.33829.357
MinimumVisualStudioVersion = 10.0.40219.1
Project("{FAE04EC0-301F-11D3-BF4B-00C04F79EFBC}") = "Calculator", "Calculator.csproj", "{CC150523-CC58-48D0-903C-6E009B8EF712}"
EndProject
Global
	GlobalSection(SolutionConfigurationPlatforms) = preSolution
		Debug|Any CPU = Debug|Any CPU
		Release|Any CPU = Release|Any CPU
	EndGlobalSection
	GlobalSection(ProjectConfigurationPlatforms) = postSolution
		{CC150523-CC58-48D0-903C-6E009B8EF712}.Debug|Any CPU.ActiveCfg = Debug|Any CPU
		{CC150523-CC58-48D0-903C-6E009B8EF712}.Debug|Any CPU.Build.0 = Debug|Any CPU
		{CC150523-CC58-48D0-903C-6E009B8EF712}.Release|Any CPU.ActiveCfg = Release|Any CPU
		{CC150523-CC58-48D0-903C-6E009B8EF712}.Release|Any CPU.Build.0 = Release|Any CPU
	EndGlobalSection
	GlobalSection(SolutionProperties) = preSolution
		HideSolutionNode = FALSE
	EndGlobalSection
	GlobalSection(ExtensibilityGlobals) = postSolution
		SolutionGuid = {BB23D811-593A-46C8-9479-43AD63D30655}
	EndGlobalSection
EndGlobal
